
Microsoft Visual Studio Solution File, Format Version 12.00
# Visual Studio 14
VisualStudioVersion = 14.0.25420.1
MinimumVisualStudioVersion = 10.0.40219.1
Project("{FAE04EC0-301F-11D3-BF4B-00C04F79EFBC}") = "Divisas2.Android", "Divisas2\Divisas2.Android\Divisas2.Android.csproj", "{0DD48C80-5D9C-418A-8BC1-FDC4CA3B7A6C}"
EndProject
Project("{FAE04EC0-301F-11D3-BF4B-00C04F79EFBC}") = "Divisas2", "Divisas2\Divisas2\Divisas2.csproj", "{D7DDF7A8-539E-410F-9C31-12DFFF5D3AB5}"
EndProject
Project("{FAE04EC0-301F-11D3-BF4B-00C04F79EFBC}") = "Divisas2.iOS", "Divisas2\Divisas2.iOS\Divisas2.iOS.csproj", "{697940CD-BD01-4F95-8A4C-794739C8E017}"
EndProject
Global
	GlobalSection(SolutionConfigurationPlatforms) = preSolution
		Ad-Hoc|Any CPU = Ad-Hoc|Any CPU
		Ad-Hoc|iPhone = Ad-Hoc|iPhone
		Ad-Hoc|iPhoneSimulator = Ad-Hoc|iPhoneSimulator
		AppStore|Any CPU = AppStore|Any CPU
		AppStore|iPhone = AppStore|iPhone
		AppStore|iPhoneSimulator = AppStore|iPhoneSimulator
		Debug|Any CPU = Debug|Any CPU
		Debug|iPhone = Debug|iPhone
		Debug|iPhoneSimulator = Debug|iPhoneSimulator
		Release|Any CPU = Release|Any CPU
		Release|iPhone = Release|iPhone
		Release|iPhoneSimulator = Release|iPhoneSimulator
	EndGlobalSection
	GlobalSection(ProjectConfigurationPlatforms) = postSolution
		{0DD48C80-5D9C-418A-8BC1-FDC4CA3B7A6C}.Ad-Hoc|Any CPU.ActiveCfg = Release|Any CPU
		{0DD48C80-5D9C-418A-8BC1-FDC4CA3B7A6C}.Ad-Hoc|Any CPU.Build.0 = Release|Any CPU
		{0DD48C80-5D9C-418A-8BC1-FDC4CA3B7A6C}.Ad-Hoc|Any CPU.Deploy.0 = Release|Any CPU
		{0DD48C80-5D9C-418A-8BC1-FDC4CA3B7A6C}.Ad-Hoc|iPhone.ActiveCfg = Release|Any CPU
		{0DD48C80-5D9C-418A-8BC1-FDC4CA3B7A6C}.Ad-Hoc|iPhone.Build.0 = Release|Any CPU
		{0DD48C80-5D9C-418A-8BC1-FDC4CA3B7A6C}.Ad-Hoc|iPhone.Deploy.0 = Release|Any CPU
		{0DD48C80-5D9C-418A-8BC1-FDC4CA3B7A6C}.Ad-Hoc|iPhoneSimulator.ActiveCfg = Release|Any CPU
		{0DD48C80-5D9C-418A-8BC1-FDC4CA3B7A6C}.Ad-Hoc|iPhoneSimulator.Build.0 = Release|Any CPU
		{0DD48C80-5D9C-418A-8BC1-FDC4CA3B7A6C}.Ad-Hoc|iPhoneSimulator.Deploy.0 = Release|Any CPU
		{0DD48C80-5D9C-418A-8BC1-FDC4CA3B7A6C}.AppStore|Any CPU.ActiveCfg = Release|Any CPU
		{0DD48C80-5D9C-418A-8BC1-FDC4CA3B7A6C}.AppStore|Any CPU.Build.0 = Release|Any CPU
		{0DD48C80-5D9C-418A-8BC1-FDC4CA3B7A6C}.AppStore|Any CPU.Deploy.0 = Release|Any CPU
		{0DD48C80-5D9C-418A-8BC1-FDC4CA3B7A6C}.AppStore|iPhone.ActiveCfg = Release|Any CPU
		{0DD48C80-5D9C-418A-8BC1-FDC4CA3B7A6C}.AppStore|iPhone.Build.0 = Release|Any CPU
		{0DD48C80-5D9C-418A-8BC1-FDC4CA3B7A6C}.AppStore|iPhone.Deploy.0 = Release|Any CPU
		{0DD48C80-5D9C-418A-8BC1-FDC4CA3B7A6C}.AppStore|iPhoneSimulator.ActiveCfg = Release|Any CPU
		{0DD48C80-5D9C-418A-8BC1-FDC4CA3B7A6C}.AppStore|iPhoneSimulator.Build.0 = Release|Any CPU
		{0DD48C80-5D9C-418A-8BC1-FDC4CA3B7A6C}.AppStore|iPhoneSimulator.Deploy.0 = Release|Any CPU
		{0DD48C80-5D9C-418A-8BC1-FDC4CA3B7A6C}.Debug|Any CPU.ActiveCfg = Debug|Any CPU
		{0DD48C80-5D9C-418A-8BC1-FDC4CA3B7A6C}.Debug|Any CPU.Build.0 = Debug|Any CPU
		{0DD48C80-5D9C-418A-8BC1-FDC4CA3B7A6C}.Debug|Any CPU.Deploy.0 = Debug|Any CPU
		{0DD48C80-5D9C-418A-8BC1-FDC4CA3B7A6C}.Debug|iPhone.ActiveCfg = Debug|Any CPU
		{0DD48C80-5D9C-418A-8BC1-FDC4CA3B7A6C}.Debug|iPhone.Build.0 = Debug|Any CPU
		{0DD48C80-5D9C-418A-8BC1-FDC4CA3B7A6C}.Debug|iPhone.Deploy.0 = Debug|Any CPU
		{0DD48C80-5D9C-418A-8BC1-FDC4CA3B7A6C}.Debug|iPhoneSimulator.ActiveCfg = Debug|Any CPU
		{0DD48C80-5D9C-418A-8BC1-FDC4CA3B7A6C}.Debug|iPhoneSimulator.Build.0 = Debug|Any CPU
		{0DD48C80-5D9C-418A-8BC1-FDC4CA3B7A6C}.Debug|iPhoneSimulator.Deploy.0 = Debug|Any CPU
		{0DD48C80-5D9C-418A-8BC1-FDC4CA3B7A6C}.Release|Any CPU.ActiveCfg = Release|Any CPU
		{0DD48C80-5D9C-418A-8BC1-FDC4CA3B7A6C}.Release|Any CPU.Build.0 = Release|Any CPU
		{0DD48C80-5D9C-418A-8BC1-FDC4CA3B7A6C}.Release|Any CPU.Deploy.0 = Release|Any CPU
		{0DD48C80-5D9C-418A-8BC1-FDC4CA3B7A6C}.Release|iPhone.ActiveCfg = Release|Any CPU
		{0DD48C80-5D9C-418A-8BC1-FDC4CA3B7A6C}.Release|iPhone.Build.0 = Release|Any CPU
		{0DD48C80-5D9C-418A-8BC1-FDC4CA3B7A6C}.Release|iPhone.Deploy.0 = Release|Any CPU
		{0DD48C80-5D9C-418A-8BC1-FDC4CA3B7A6C}.Release|iPhoneSimulator.ActiveCfg = Release|Any CPU
		{0DD48C80-5D9C-418A-8BC1-FDC4CA3B7A6C}.Release|iPhoneSimulator.Build.0 = Release|Any CPU
		{0DD48C80-5D9C-418A-8BC1-FDC4CA3B7A6C}.Release|iPhoneSimulator.Deploy.0 = Release|Any CPU
		{D7DDF7A8-539E-410F-9C31-12DFFF5D3AB5}.Ad-Hoc|Any CPU.ActiveCfg = Release|Any CPU
		{D7DDF7A8-539E-410F-9C31-12DFFF5D3AB5}.Ad-Hoc|Any CPU.Build.0 = Release|Any CPU
		{D7DDF7A8-539E-410F-9C31-12DFFF5D3AB5}.Ad-Hoc|iPhone.ActiveCfg = Release|Any CPU
		{D7DDF7A8-539E-410F-9C31-12DFFF5D3AB5}.Ad-Hoc|iPhone.Build.0 = Release|Any CPU
		{D7DDF7A8-539E-410F-9C31-12DFFF5D3AB5}.Ad-Hoc|iPhoneSimulator.ActiveCfg = Release|Any CPU
		{D7DDF7A8-539E-410F-9C31-12DFFF5D3AB5}.Ad-Hoc|iPhoneSimulator.Build.0 = Release|Any CPU
		{D7DDF7A8-539E-410F-9C31-12DFFF5D3AB5}.AppStore|Any CPU.ActiveCfg = Release|Any CPU
		{D7DDF7A8-539E-410F-9C31-12DFFF5D3AB5}.AppStore|Any CPU.Build.0 = Release|Any CPU
		{D7DDF7A8-539E-410F-9C31-12DFFF5D3AB5}.AppStore|iPhone.ActiveCfg = Release|Any CPU
		{D7DDF7A8-539E-410F-9C31-12DFFF5D3AB5}.AppStore|iPhone.Build.0 = Release|Any CPU
		{D7DDF7A8-539E-410F-9C31-12DFFF5D3AB5}.AppStore|iPhoneSimulator.ActiveCfg = Release|Any CPU
		{D7DDF7A8-539E-410F-9C31-12DFFF5D3AB5}.AppStore|iPhoneSimulator.Build.0 = Release|Any CPU
		{D7DDF7A8-539E-410F-9C31-12DFFF5D3AB5}.Debug|Any CPU.ActiveCfg = Debug|Any CPU
		{D7DDF7A8-539E-410F-9C31-12DFFF5D3AB5}.Debug|Any CPU.Build.0 = Debug|Any CPU
		{D7DDF7A8-539E-410F-9C31-12DFFF5D3AB5}.Debug|iPhone.ActiveCfg = Debug|Any CPU
		{D7DDF7A8-539E-410F-9C31-12DFFF5D3AB5}.Debug|iPhone.Build.0 = Debug|Any CPU
		{D7DDF7A8-539E-410F-9C31-12DFFF5D3AB5}.Debug|iPhoneSimulator.ActiveCfg = Debug|Any CPU
		{D7DDF7A8-539E-410F-9C31-12DFFF5D3AB5}.Debug|iPhoneSimulator.Build.0 = Debug|Any CPU
		{D7DDF7A8-539E-410F-9C31-12DFFF5D3AB5}.Release|Any CPU.ActiveCfg = Release|Any CPU
		{D7DDF7A8-539E-410F-9C31-12DFFF5D3AB5}.Release|Any CPU.Build.0 = Release|Any CPU
		{D7DDF7A8-539E-410F-9C31-12DFFF5D3AB5}.Release|iPhone.ActiveCfg = Release|Any CPU
		{D7DDF7A8-539E-410F-9C31-12DFFF5D3AB5}.Release|iPhone.Build.0 = Release|Any CPU
		{D7DDF7A8-539E-410F-9C31-12DFFF5D3AB5}.Release|iPhoneSimulator.ActiveCfg = Release|Any CPU
		{D7DDF7A8-539E-410F-9C31-12DFFF5D3AB5}.Release|iPhoneSimulator.Build.0 = Release|Any CPU
		{697940CD-BD01-4F95-8A4C-794739C8E017}.Ad-Hoc|Any CPU.ActiveCfg = Ad-Hoc|iPhone
		{697940CD-BD01-4F95-8A4C-794739C8E017}.Ad-Hoc|iPhone.ActiveCfg = Ad-Hoc|iPhone
		{697940CD-BD01-4F95-8A4C-794739C8E017}.Ad-Hoc|iPhone.Build.0 = Ad-Hoc|iPhone
		{697940CD-BD01-4F95-8A4C-794739C8E017}.Ad-Hoc|iPhoneSimulator.ActiveCfg = Ad-Hoc|iPhoneSimulator
		{697940CD-BD01-4F95-8A4C-794739C8E017}.Ad-Hoc|iPhoneSimulator.Build.0 = Ad-Hoc|iPhoneSimulator
		{697940CD-BD01-4F95-8A4C-794739C8E017}.AppStore|Any CPU.ActiveCfg = AppStore|iPhone
		{697940CD-BD01-4F95-8A4C-794739C8E017}.AppStore|iPhone.ActiveCfg = AppStore|iPhone
		{697940CD-BD01-4F95-8A4C-794739C8E017}.AppStore|iPhone.Build.0 = AppStore|iPhone
		{697940CD-BD01-4F95-8A4C-794739C8E017}.AppStore|iPhoneSimulator.ActiveCfg = AppStore|iPhoneSimulator
		{697940CD-BD01-4F95-8A4C-794739C8E017}.AppStore|iPhoneSimulator.Build.0 = AppStore|iPhoneSimulator
		{697940CD-BD01-4F95-8A4C-794739C8E017}.Debug|Any CPU.ActiveCfg = Debug|iPhone
		{697940CD-BD01-4F95-8A4C-794739C8E017}.Debug|iPhone.ActiveCfg = Debug|iPhone
		{697940CD-BD01-4F95-8A4C-794739C8E017}.Debug|iPhone.Build.0 = Debug|iPhone
		{697940CD-BD01-4F95-8A4C-794739C8E017}.Debug|iPhoneSimulator.ActiveCfg = Debug|iPhoneSimulator
		{697940CD-BD01-4F95-8A4C-794739C8E017}.Debug|iPhoneSimulator.Build.0 = Debug|iPhoneSimulator
		{697940CD-BD01-4F95-8A4C-794739C8E017}.Release|Any CPU.ActiveCfg = Release|iPhone
		{697940CD-BD01-4F95-8A4C-794739C8E017}.Release|iPhone.ActiveCfg = Release|iPhone
		{697940CD-BD01-4F95-8A4C-794739C8E017}.Release|iPhone.Build.0 = Release|iPhone
		{697940CD-BD01-4F95-8A4C-794739C8E017}.Release|iPhoneSimulator.ActiveCfg = Release|iPhoneSimulator
		{697940CD-BD01-4F95-8A4C-794739C8E017}.Release|iPhoneSimulator.Build.0 = Release|iPhoneSimulator
	EndGlobalSection
	GlobalSection(SolutionProperties) = preSolution
		HideSolutionNode = FALSE
	EndGlobalSection
EndGlobal
